
Microsoft Visual Studio Solution File, Format Version 12.00
# Visual Studio 15
VisualStudioVersion = 15.0.26430.6
MinimumVisualStudioVersion = 10.0.40219.1
Project("{2150E333-8FDC-42A3-9474-1A3956D46DE8}") = "src", "src", "{064A4D80-4FFE-43FA-A64E-2DF7D2421367}"
EndProject
Project("{2150E333-8FDC-42A3-9474-1A3956D46DE8}") = "app", "app", "{7B591BF4-3C94-4C19-9959-4B78B134530B}"
EndProject
Project("{2150E333-8FDC-42A3-9474-1A3956D46DE8}") = "tests", "tests", "{3AB6B436-ACF4-4955-ACE2-2B063405ABBD}"
EndProject
Project("{9A19103F-16F7-4668-BE54-9A1E7A4F7556}") = "Websockets.Template.WebX", "samples\Websockets.Template.WebX\Websockets.Template.WebX.csproj", "{D85DAD97-9292-4302-8033-E866D625CA11}"
EndProject
Project("{9A19103F-16F7-4668-BE54-9A1E7A4F7556}") = "Websockets.Core", "src\Websockets.Core\Websockets.Core.csproj", "{94134683-CAF9-43FF-B187-28D3E52375FD}"
EndProject
Project("{9A19103F-16F7-4668-BE54-9A1E7A4F7556}") = "Cards.Core", "app\Cards.Core\Cards.Core.csproj", "{0E035E10-D8BC-4297-9A14-7225E076D63D}"
EndProject
Global
	GlobalSection(SolutionConfigurationPlatforms) = preSolution
		Debug|Any CPU = Debug|Any CPU
		Release|Any CPU = Release|Any CPU
	EndGlobalSection
	GlobalSection(ProjectConfigurationPlatforms) = postSolution
		{D85DAD97-9292-4302-8033-E866D625CA11}.Debug|Any CPU.ActiveCfg = Debug|Any CPU
		{D85DAD97-9292-4302-8033-E866D625CA11}.Debug|Any CPU.Build.0 = Debug|Any CPU
		{D85DAD97-9292-4302-8033-E866D625CA11}.Release|Any CPU.ActiveCfg = Release|Any CPU
		{D85DAD97-9292-4302-8033-E866D625CA11}.Release|Any CPU.Build.0 = Release|Any CPU
		{94134683-CAF9-43FF-B187-28D3E52375FD}.Debug|Any CPU.ActiveCfg = Debug|Any CPU
		{94134683-CAF9-43FF-B187-28D3E52375FD}.Debug|Any CPU.Build.0 = Debug|Any CPU
		{94134683-CAF9-43FF-B187-28D3E52375FD}.Release|Any CPU.ActiveCfg = Release|Any CPU
		{94134683-CAF9-43FF-B187-28D3E52375FD}.Release|Any CPU.Build.0 = Release|Any CPU
		{0E035E10-D8BC-4297-9A14-7225E076D63D}.Debug|Any CPU.ActiveCfg = Debug|Any CPU
		{0E035E10-D8BC-4297-9A14-7225E076D63D}.Debug|Any CPU.Build.0 = Debug|Any CPU
		{0E035E10-D8BC-4297-9A14-7225E076D63D}.Release|Any CPU.ActiveCfg = Release|Any CPU
		{0E035E10-D8BC-4297-9A14-7225E076D63D}.Release|Any CPU.Build.0 = Release|Any CPU
	EndGlobalSection
	GlobalSection(SolutionProperties) = preSolution
		HideSolutionNode = FALSE
	EndGlobalSection
	GlobalSection(NestedProjects) = preSolution
		{D85DAD97-9292-4302-8033-E866D625CA11} = {7B591BF4-3C94-4C19-9959-4B78B134530B}
		{94134683-CAF9-43FF-B187-28D3E52375FD} = {064A4D80-4FFE-43FA-A64E-2DF7D2421367}
		{0E035E10-D8BC-4297-9A14-7225E076D63D} = {7B591BF4-3C94-4C19-9959-4B78B134530B}
	EndGlobalSection
EndGlobal
